{
  "name": "osamaSStech.github.io",
  "lockfileVersion": 3,
  "requires": true,
  "packages": {
    "": {
      "dependencies": {
        "csv-parse": "^5.5.2",
        "csv-stringify": "^6.4.4",
        "fs": "^0.0.1-security",
        "papaparse": "^5.4.1"
      }
    },
    "node_modules/csv-parse": {
      "version": "5.5.2",
      "resolved": "https://registry.npmjs.org/csv-parse/-/csv-parse-5.5.2.tgz",
      "integrity": "sha512-YRVtvdtUNXZCMyK5zd5Wty1W6dNTpGKdqQd4EQ8tl/c6KW1aMBB1Kg1ppky5FONKmEqGJ/8WjLlTNLPne4ioVA=="
    },
    "node_modules/csv-stringify": {
      "version": "6.4.4",
      "resolved": "https://registry.npmjs.org/csv-stringify/-/csv-stringify-6.4.4.tgz",
      "integrity": "sha512-NDshLupGa7gp4UG4sSNIqwYJqgSwvds0SvENntxoVoVvTzXcrHvd5gG2MWpbRpSNvk59dlmIe1IwNvSxN4IVmg=="
    },
    "node_modules/fs": {
      "version": "0.0.1-security",
      "resolved": "https://registry.npmjs.org/fs/-/fs-0.0.1-security.tgz",
      "integrity": "sha512-3XY9e1pP0CVEUCdj5BmfIZxRBTSDycnbqhIOGec9QYtmVH2fbLpj86CFWkrNOkt/Fvty4KZG5lTglL9j/gJ87w=="
    },
    "node_modules/papaparse": {
      "version": "5.4.1",
      "resolved": "https://registry.npmjs.org/papaparse/-/papaparse-5.4.1.tgz",
      "integrity": "sha512-HipMsgJkZu8br23pW15uvo6sib6wne/4woLZPlFf3rpDyMe9ywEXUsuD7+6K9PRkJlVT51j/sCOYDKGGS3ZJrw=="
    }
  }
}
